// !$*UTF8*$!
{
	archiveVersion = 1;
	classes = {
	};
	objectVersion = 56;
	objects = {

/* Begin PBXBuildFile section */
		374F619E2C25F550009DCDB7 /* UIColor+Ext.swift in Sources */ = {isa = PBXBuildFile; fileRef = 374F619C2C25F550009DCDB7 /* UIColor+Ext.swift */; };
		374F61B32C263A40009DCDB7 /* Model.swift in Sources */ = {isa = PBXBuildFile; fileRef = 374F619F2C263A40009DCDB7 /* Model.swift */; };
		374F61B42C263A40009DCDB7 /* ViewModel.swift in Sources */ = {isa = PBXBuildFile; fileRef = 374F61A02C263A40009DCDB7 /* ViewModel.swift */; };
		374F61B52C263A40009DCDB7 /* ArtistListUseCase.swift in Sources */ = {isa = PBXBuildFile; fileRef = 374F61A22C263A40009DCDB7 /* ArtistListUseCase.swift */; };
		374F61B62C263A40009DCDB7 /* ArtistListApi.swift in Sources */ = {isa = PBXBuildFile; fileRef = 374F61A52C263A40009DCDB7 /* ArtistListApi.swift */; };
		374F61B82C263A40009DCDB7 /* URLFactory.swift in Sources */ = {isa = PBXBuildFile; fileRef = 374F61A82C263A40009DCDB7 /* URLFactory.swift */; };
		374F61B92C263A40009DCDB7 /* ArtistGlobalInfoCell.swift in Sources */ = {isa = PBXBuildFile; fileRef = 374F61AA2C263A40009DCDB7 /* ArtistGlobalInfoCell.swift */; };
		374F61BA2C263A40009DCDB7 /* HeaderInfoView.swift in Sources */ = {isa = PBXBuildFile; fileRef = 374F61AB2C263A40009DCDB7 /* HeaderInfoView.swift */; };
		374F61BB2C263A40009DCDB7 /* ArtistBaseViewController.swift in Sources */ = {isa = PBXBuildFile; fileRef = 374F61AD2C263A40009DCDB7 /* ArtistBaseViewController.swift */; };
		374F61BC2C263A40009DCDB7 /* ArtistDetailIViewController.swift in Sources */ = {isa = PBXBuildFile; fileRef = 374F61AE2C263A40009DCDB7 /* ArtistDetailIViewController.swift */; };
		374F61BD2C263A40009DCDB7 /* FavoritesViewController.swift in Sources */ = {isa = PBXBuildFile; fileRef = 374F61AF2C263A40009DCDB7 /* FavoritesViewController.swift */; };
		374F61BE2C263A40009DCDB7 /* HomeViewController.swift in Sources */ = {isa = PBXBuildFile; fileRef = 374F61B02C263A40009DCDB7 /* HomeViewController.swift */; };
		374F61BF2C263A40009DCDB7 /* TabBarController.swift in Sources */ = {isa = PBXBuildFile; fileRef = 374F61B12C263A40009DCDB7 /* TabBarController.swift */; };
		374F61C32C26418B009DCDB7 /* Kingfisher in Frameworks */ = {isa = PBXBuildFile; productRef = 374F61C22C26418B009DCDB7 /* Kingfisher */; };
		374F61C62C28CBF5009DCDB7 /* SplashController.swift in Sources */ = {isa = PBXBuildFile; fileRef = 374F61C52C28CBF5009DCDB7 /* SplashController.swift */; };
		374F61C82C28CC16009DCDB7 /* SplashViewController.swift in Sources */ = {isa = PBXBuildFile; fileRef = 374F61C72C28CC16009DCDB7 /* SplashViewController.swift */; };
		37821D132C25F3C8007F79E8 /* AppDelegate.swift in Sources */ = {isa = PBXBuildFile; fileRef = 37821D122C25F3C8007F79E8 /* AppDelegate.swift */; };
		37821D152C25F3C8007F79E8 /* SceneDelegate.swift in Sources */ = {isa = PBXBuildFile; fileRef = 37821D142C25F3C8007F79E8 /* SceneDelegate.swift */; };
		37821D172C25F3C8007F79E8 /* ViewController.swift in Sources */ = {isa = PBXBuildFile; fileRef = 37821D162C25F3C8007F79E8 /* ViewController.swift */; };
		37821D1A2C25F3C8007F79E8 /* Base in Resources */ = {isa = PBXBuildFile; fileRef = 37821D192C25F3C8007F79E8 /* Base */; };
		37821D1D2C25F3C8007F79E8 /* MusicListUI.xcdatamodeld in Sources */ = {isa = PBXBuildFile; fileRef = 37821D1B2C25F3C8007F79E8 /* MusicListUI.xcdatamodeld */; };
		37821D1F2C25F3C8007F79E8 /* Assets.xcassets in Resources */ = {isa = PBXBuildFile; fileRef = 37821D1E2C25F3C8007F79E8 /* Assets.xcassets */; };
		37821D222C25F3C8007F79E8 /* Base in Resources */ = {isa = PBXBuildFile; fileRef = 37821D212C25F3C8007F79E8 /* Base */; };
		37821D2D2C25F3C8007F79E8 /* MusicListUITests.swift in Sources */ = {isa = PBXBuildFile; fileRef = 37821D2C2C25F3C8007F79E8 /* MusicListUITests.swift */; };
		37821D372C25F3C8007F79E8 /* MusicListUIUITests.swift in Sources */ = {isa = PBXBuildFile; fileRef = 37821D362C25F3C8007F79E8 /* MusicListUIUITests.swift */; };
		37821D392C25F3C8007F79E8 /* MusicListUIUITestsLaunchTests.swift in Sources */ = {isa = PBXBuildFile; fileRef = 37821D382C25F3C8007F79E8 /* MusicListUIUITestsLaunchTests.swift */; };
/* End PBXBuildFile section */

/* Begin PBXContainerItemProxy section */
		37821D292C25F3C8007F79E8 /* PBXContainerItemProxy */ = {
			isa = PBXContainerItemProxy;
			containerPortal = 37821D072C25F3C7007F79E8 /* Project object */;
			proxyType = 1;
			remoteGlobalIDString = 37821D0E2C25F3C8007F79E8;
			remoteInfo = MusicListUI;
		};
		37821D332C25F3C8007F79E8 /* PBXContainerItemProxy */ = {
			isa = PBXContainerItemProxy;
			containerPortal = 37821D072C25F3C7007F79E8 /* Project object */;
			proxyType = 1;
			remoteGlobalIDString = 37821D0E2C25F3C8007F79E8;
			remoteInfo = MusicListUI;
		};
/* End PBXContainerItemProxy section */

/* Begin PBXFileReference section */
		374F619C2C25F550009DCDB7 /* UIColor+Ext.swift */ = {isa = PBXFileReference; fileEncoding = 4; lastKnownFileType = sourcecode.swift; path = "UIColor+Ext.swift"; sourceTree = "<group>"; };
		374F619F2C263A40009DCDB7 /* Model.swift */ = {isa = PBXFileReference; fileEncoding = 4; lastKnownFileType = sourcecode.swift; path = Model.swift; sourceTree = "<group>"; };
		374F61A02C263A40009DCDB7 /* ViewModel.swift */ = {isa = PBXFileReference; fileEncoding = 4; lastKnownFileType = sourcecode.swift; path = ViewModel.swift; sourceTree = "<group>"; };
		374F61A22C263A40009DCDB7 /* ArtistListUseCase.swift */ = {isa = PBXFileReference; fileEncoding = 4; lastKnownFileType = sourcecode.swift; path = ArtistListUseCase.swift; sourceTree = "<group>"; };
		374F61A52C263A40009DCDB7 /* ArtistListApi.swift */ = {isa = PBXFileReference; fileEncoding = 4; lastKnownFileType = sourcecode.swift; path = ArtistListApi.swift; sourceTree = "<group>"; };
		374F61A82C263A40009DCDB7 /* URLFactory.swift */ = {isa = PBXFileReference; fileEncoding = 4; lastKnownFileType = sourcecode.swift; path = URLFactory.swift; sourceTree = "<group>"; };
		374F61AA2C263A40009DCDB7 /* ArtistGlobalInfoCell.swift */ = {isa = PBXFileReference; fileEncoding = 4; lastKnownFileType = sourcecode.swift; path = ArtistGlobalInfoCell.swift; sourceTree = "<group>"; };
		374F61AB2C263A40009DCDB7 /* HeaderInfoView.swift */ = {isa = PBXFileReference; fileEncoding = 4; lastKnownFileType = sourcecode.swift; path = HeaderInfoView.swift; sourceTree = "<group>"; };
		374F61AD2C263A40009DCDB7 /* ArtistBaseViewController.swift */ = {isa = PBXFileReference; fileEncoding = 4; lastKnownFileType = sourcecode.swift; path = ArtistBaseViewController.swift; sourceTree = "<group>"; };
		374F61AE2C263A40009DCDB7 /* ArtistDetailIViewController.swift */ = {isa = PBXFileReference; fileEncoding = 4; lastKnownFileType = sourcecode.swift; path = ArtistDetailIViewController.swift; sourceTree = "<group>"; };
		374F61AF2C263A40009DCDB7 /* FavoritesViewController.swift */ = {isa = PBXFileReference; fileEncoding = 4; lastKnownFileType = sourcecode.swift; path = FavoritesViewController.swift; sourceTree = "<group>"; };
		374F61B02C263A40009DCDB7 /* HomeViewController.swift */ = {isa = PBXFileReference; fileEncoding = 4; lastKnownFileType = sourcecode.swift; path = HomeViewController.swift; sourceTree = "<group>"; };
		374F61B12C263A40009DCDB7 /* TabBarController.swift */ = {isa = PBXFileReference; fileEncoding = 4; lastKnownFileType = sourcecode.swift; path = TabBarController.swift; sourceTree = "<group>"; };
		374F61C52C28CBF5009DCDB7 /* SplashController.swift */ = {isa = PBXFileReference; lastKnownFileType = sourcecode.swift; path = SplashController.swift; sourceTree = "<group>"; };
		374F61C72C28CC16009DCDB7 /* SplashViewController.swift */ = {isa = PBXFileReference; lastKnownFileType = sourcecode.swift; path = SplashViewController.swift; sourceTree = "<group>"; };
		37821D0F2C25F3C8007F79E8 /* MusicListUI.app */ = {isa = PBXFileReference; explicitFileType = wrapper.application; includeInIndex = 0; path = MusicListUI.app; sourceTree = BUILT_PRODUCTS_DIR; };
		37821D122C25F3C8007F79E8 /* AppDelegate.swift */ = {isa = PBXFileReference; lastKnownFileType = sourcecode.swift; path = AppDelegate.swift; sourceTree = "<group>"; };
		37821D142C25F3C8007F79E8 /* SceneDelegate.swift */ = {isa = PBXFileReference; lastKnownFileType = sourcecode.swift; path = SceneDelegate.swift; sourceTree = "<group>"; };
		37821D162C25F3C8007F79E8 /* ViewController.swift */ = {isa = PBXFileReference; lastKnownFileType = sourcecode.swift; path = ViewController.swift; sourceTree = "<group>"; };
		37821D192C25F3C8007F79E8 /* Base */ = {isa = PBXFileReference; lastKnownFileType = file.storyboard; name = Base; path = Base.lproj/Main.storyboard; sourceTree = "<group>"; };
		37821D1C2C25F3C8007F79E8 /* MusicListUI.xcdatamodel */ = {isa = PBXFileReference; lastKnownFileType = wrapper.xcdatamodel; path = MusicListUI.xcdatamodel; sourceTree = "<group>"; };
		37821D1E2C25F3C8007F79E8 /* Assets.xcassets */ = {isa = PBXFileReference; lastKnownFileType = folder.assetcatalog; path = Assets.xcassets; sourceTree = "<group>"; };
		37821D212C25F3C8007F79E8 /* Base */ = {isa = PBXFileReference; lastKnownFileType = file.storyboard; name = Base; path = Base.lproj/LaunchScreen.storyboard; sourceTree = "<group>"; };
		37821D232C25F3C8007F79E8 /* Info.plist */ = {isa = PBXFileReference; lastKnownFileType = text.plist.xml; path = Info.plist; sourceTree = "<group>"; };
		37821D282C25F3C8007F79E8 /* MusicListUITests.xctest */ = {isa = PBXFileReference; explicitFileType = wrapper.cfbundle; includeInIndex = 0; path = MusicListUITests.xctest; sourceTree = BUILT_PRODUCTS_DIR; };
		37821D2C2C25F3C8007F79E8 /* MusicListUITests.swift */ = {isa = PBXFileReference; lastKnownFileType = sourcecode.swift; path = MusicListUITests.swift; sourceTree = "<group>"; };
		37821D322C25F3C8007F79E8 /* MusicListUIUITests.xctest */ = {isa = PBXFileReference; explicitFileType = wrapper.cfbundle; includeInIndex = 0; path = MusicListUIUITests.xctest; sourceTree = BUILT_PRODUCTS_DIR; };
		37821D362C25F3C8007F79E8 /* MusicListUIUITests.swift */ = {isa = PBXFileReference; lastKnownFileType = sourcecode.swift; path = MusicListUIUITests.swift; sourceTree = "<group>"; };
		37821D382C25F3C8007F79E8 /* MusicListUIUITestsLaunchTests.swift */ = {isa = PBXFileReference; lastKnownFileType = sourcecode.swift; path = MusicListUIUITestsLaunchTests.swift; sourceTree = "<group>"; };
/* End PBXFileReference section */

/* Begin PBXFrameworksBuildPhase section */
		37821D0C2C25F3C8007F79E8 /* Frameworks */ = {
			isa = PBXFrameworksBuildPhase;
			buildActionMask = 2147483647;
			files = (
				374F61C32C26418B009DCDB7 /* Kingfisher in Frameworks */,
			);
			runOnlyForDeploymentPostprocessing = 0;
		};
		37821D252C25F3C8007F79E8 /* Frameworks */ = {
			isa = PBXFrameworksBuildPhase;
			buildActionMask = 2147483647;
			files = (
			);
			runOnlyForDeploymentPostprocessing = 0;
		};
		37821D2F2C25F3C8007F79E8 /* Frameworks */ = {
			isa = PBXFrameworksBuildPhase;
			buildActionMask = 2147483647;
			files = (
			);
			runOnlyForDeploymentPostprocessing = 0;
		};
/* End PBXFrameworksBuildPhase section */

/* Begin PBXGroup section */
		374F619D2C25F550009DCDB7 /* Extensions */ = {
			isa = PBXGroup;
			children = (
				374F619C2C25F550009DCDB7 /* UIColor+Ext.swift */,
			);
			path = Extensions;
			sourceTree = "<group>";
		};
		374F61A12C263A40009DCDB7 /* Model */ = {
			isa = PBXGroup;
			children = (
				374F619F2C263A40009DCDB7 /* Model.swift */,
				374F61A02C263A40009DCDB7 /* ViewModel.swift */,
			);
			path = Model;
			sourceTree = "<group>";
		};
		374F61A32C263A40009DCDB7 /* UseCase */ = {
			isa = PBXGroup;
			children = (
				374F61A22C263A40009DCDB7 /* ArtistListUseCase.swift */,
			);
			path = UseCase;
			sourceTree = "<group>";
		};
		374F61A42C263A40009DCDB7 /* Domain */ = {
			isa = PBXGroup;
			children = (
				374F61A12C263A40009DCDB7 /* Model */,
				374F61A32C263A40009DCDB7 /* UseCase */,
			);
			path = Domain;
			sourceTree = "<group>";
		};
		374F61A72C263A40009DCDB7 /* Data */ = {
			isa = PBXGroup;
			children = (
				374F61A52C263A40009DCDB7 /* ArtistListApi.swift */,
			);
			path = Data;
			sourceTree = "<group>";
		};
		374F61A92C263A40009DCDB7 /* Network */ = {
			isa = PBXGroup;
			children = (
				374F61A82C263A40009DCDB7 /* URLFactory.swift */,
			);
			path = Network;
			sourceTree = "<group>";
		};
		374F61AC2C263A40009DCDB7 /* Components */ = {
			isa = PBXGroup;
			children = (
				374F61AA2C263A40009DCDB7 /* ArtistGlobalInfoCell.swift */,
				374F61AB2C263A40009DCDB7 /* HeaderInfoView.swift */,
			);
			path = Components;
			sourceTree = "<group>";
		};
		374F61B22C263A40009DCDB7 /* View */ = {
			isa = PBXGroup;
			children = (
				374F61AC2C263A40009DCDB7 /* Components */,
				374F61AD2C263A40009DCDB7 /* ArtistBaseViewController.swift */,
				374F61AE2C263A40009DCDB7 /* ArtistDetailIViewController.swift */,
				374F61AF2C263A40009DCDB7 /* FavoritesViewController.swift */,
				374F61B02C263A40009DCDB7 /* HomeViewController.swift */,
				374F61B12C263A40009DCDB7 /* TabBarController.swift */,
			);
			path = View;
			sourceTree = "<group>";
		};
		374F61C42C28CBCB009DCDB7 /* Splash */ = {
			isa = PBXGroup;
			children = (
				374F61C52C28CBF5009DCDB7 /* SplashController.swift */,
				374F61C72C28CC16009DCDB7 /* SplashViewController.swift */,
			);
			path = Splash;
			sourceTree = "<group>";
		};
		37821D062C25F3C7007F79E8 = {
			isa = PBXGroup;
			children = (
				37821D112C25F3C8007F79E8 /* MusicListUI */,
				37821D2B2C25F3C8007F79E8 /* MusicListUITests */,
				37821D352C25F3C8007F79E8 /* MusicListUIUITests */,
				37821D102C25F3C8007F79E8 /* Products */,
			);
			sourceTree = "<group>";
		};
		37821D102C25F3C8007F79E8 /* Products */ = {
			isa = PBXGroup;
			children = (
				37821D0F2C25F3C8007F79E8 /* MusicListUI.app */,
				37821D282C25F3C8007F79E8 /* MusicListUITests.xctest */,
				37821D322C25F3C8007F79E8 /* MusicListUIUITests.xctest */,
			);
			name = Products;
			sourceTree = "<group>";
		};
		37821D112C25F3C8007F79E8 /* MusicListUI */ = {
			isa = PBXGroup;
			children = (
				374F61C42C28CBCB009DCDB7 /* Splash */,
				374F61A72C263A40009DCDB7 /* Data */,
				374F61A42C263A40009DCDB7 /* Domain */,
				374F61A92C263A40009DCDB7 /* Network */,
				374F61B22C263A40009DCDB7 /* View */,
				374F619D2C25F550009DCDB7 /* Extensions */,
				37821D122C25F3C8007F79E8 /* AppDelegate.swift */,
				37821D142C25F3C8007F79E8 /* SceneDelegate.swift */,
				37821D162C25F3C8007F79E8 /* ViewController.swift */,
				37821D182C25F3C8007F79E8 /* Main.storyboard */,
				37821D1E2C25F3C8007F79E8 /* Assets.xcassets */,
				37821D202C25F3C8007F79E8 /* LaunchScreen.storyboard */,
				37821D232C25F3C8007F79E8 /* Info.plist */,
				37821D1B2C25F3C8007F79E8 /* MusicListUI.xcdatamodeld */,
			);
			path = MusicListUI;
			sourceTree = "<group>";
		};
		37821D2B2C25F3C8007F79E8 /* MusicListUITests */ = {
			isa = PBXGroup;
			children = (
				37821D2C2C25F3C8007F79E8 /* MusicListUITests.swift */,
			);
			path = MusicListUITests;
			sourceTree = "<group>";
		};
		37821D352C25F3C8007F79E8 /* MusicListUIUITests */ = {
			isa = PBXGroup;
			children = (
				37821D362C25F3C8007F79E8 /* MusicListUIUITests.swift */,
				37821D382C25F3C8007F79E8 /* MusicListUIUITestsLaunchTests.swift */,
			);
			path = MusicListUIUITests;
			sourceTree = "<group>";
		};
/* End PBXGroup section */

/* Begin PBXNativeTarget section */
		37821D0E2C25F3C8007F79E8 /* MusicListUI */ = {
			isa = PBXNativeTarget;
			buildConfigurationList = 37821D3C2C25F3C8007F79E8 /* Build configuration list for PBXNativeTarget "MusicListUI" */;
			buildPhases = (
				37821D0B2C25F3C8007F79E8 /* Sources */,
				37821D0C2C25F3C8007F79E8 /* Frameworks */,
				37821D0D2C25F3C8007F79E8 /* Resources */,
			);
			buildRules = (
			);
			dependencies = (
			);
			name = MusicListUI;
			packageProductDependencies = (
				374F61C22C26418B009DCDB7 /* Kingfisher */,
			);
			productName = MusicListUI;
			productReference = 37821D0F2C25F3C8007F79E8 /* MusicListUI.app */;
			productType = "com.apple.product-type.application";
		};
		37821D272C25F3C8007F79E8 /* MusicListUITests */ = {
			isa = PBXNativeTarget;
			buildConfigurationList = 37821D3F2C25F3C8007F79E8 /* Build configuration list for PBXNativeTarget "MusicListUITests" */;
			buildPhases = (
				37821D242C25F3C8007F79E8 /* Sources */,
				37821D252C25F3C8007F79E8 /* Frameworks */,
				37821D262C25F3C8007F79E8 /* Resources */,
			);
			buildRules = (
			);
			dependencies = (
				37821D2A2C25F3C8007F79E8 /* PBXTargetDependency */,
			);
			name = MusicListUITests;
			productName = MusicListUITests;
			productReference = 37821D282C25F3C8007F79E8 /* MusicListUITests.xctest */;
			productType = "com.apple.product-type.bundle.unit-test";
		};
		37821D312C25F3C8007F79E8 /* MusicListUIUITests */ = {
			isa = PBXNativeTarget;
			buildConfigurationList = 37821D422C25F3C8007F79E8 /* Build configuration list for PBXNativeTarget "MusicListUIUITests" */;
			buildPhases = (
				37821D2E2C25F3C8007F79E8 /* Sources */,
				37821D2F2C25F3C8007F79E8 /* Frameworks */,
				37821D302C25F3C8007F79E8 /* Resources */,
			);
			buildRules = (
			);
			dependencies = (
				37821D342C25F3C8007F79E8 /* PBXTargetDependency */,
			);
			name = MusicListUIUITests;
			productName = MusicListUIUITests;
			productReference = 37821D322C25F3C8007F79E8 /* MusicListUIUITests.xctest */;
			productType = "com.apple.product-type.bundle.ui-testing";
		};
/* End PBXNativeTarget section */

/* Begin PBXProject section */
		37821D072C25F3C7007F79E8 /* Project object */ = {
			isa = PBXProject;
			attributes = {
				BuildIndependentTargetsInParallel = 1;
				LastSwiftUpdateCheck = 1540;
				LastUpgradeCheck = 1540;
				TargetAttributes = {
					37821D0E2C25F3C8007F79E8 = {
						CreatedOnToolsVersion = 15.4;
					};
					37821D272C25F3C8007F79E8 = {
						CreatedOnToolsVersion = 15.4;
						TestTargetID = 37821D0E2C25F3C8007F79E8;
					};
					37821D312C25F3C8007F79E8 = {
						CreatedOnToolsVersion = 15.4;
						TestTargetID = 37821D0E2C25F3C8007F79E8;
					};
				};
			};
			buildConfigurationList = 37821D0A2C25F3C7007F79E8 /* Build configuration list for PBXProject "MusicListUI" */;
			compatibilityVersion = "Xcode 14.0";
			developmentRegion = en;
			hasScannedForEncodings = 0;
			knownRegions = (
				en,
				Base,
			);
			mainGroup = 37821D062C25F3C7007F79E8;
			packageReferences = (
				374F61C12C26418B009DCDB7 /* XCRemoteSwiftPackageReference "Kingfisher" */,
			);
			productRefGroup = 37821D102C25F3C8007F79E8 /* Products */;
			projectDirPath = "";
			projectRoot = "";
			targets = (
				37821D0E2C25F3C8007F79E8 /* MusicListUI */,
				37821D272C25F3C8007F79E8 /* MusicListUITests */,
				37821D312C25F3C8007F79E8 /* MusicListUIUITests */,
			);
		};
/* End PBXProject section */

/* Begin PBXResourcesBuildPhase section */
		37821D0D2C25F3C8007F79E8 /* Resources */ = {
			isa = PBXResourcesBuildPhase;
			buildActionMask = 2147483647;
			files = (
				37821D1F2C25F3C8007F79E8 /* Assets.xcassets in Resources */,
				37821D222C25F3C8007F79E8 /* Base in Resources */,
				37821D1A2C25F3C8007F79E8 /* Base in Resources */,
			);
			runOnlyForDeploymentPostprocessing = 0;
		};
		37821D262C25F3C8007F79E8 /* Resources */ = {
			isa = PBXResourcesBuildPhase;
			buildActionMask = 2147483647;
			files = (
			);
			runOnlyForDeploymentPostprocessing = 0;
		};
		37821D302C25F3C8007F79E8 /* Resources */ = {
			isa = PBXResourcesBuildPhase;
			buildActionMask = 2147483647;
			files = (
			);
			runOnlyForDeploymentPostprocessing = 0;
		};
/* End PBXResourcesBuildPhase section */

/* Begin PBXSourcesBuildPhase section */
		37821D0B2C25F3C8007F79E8 /* Sources */ = {
			isa = PBXSourcesBuildPhase;
			buildActionMask = 2147483647;
			files = (
				37821D172C25F3C8007F79E8 /* ViewController.swift in Sources */,
				374F61B92C263A40009DCDB7 /* ArtistGlobalInfoCell.swift in Sources */,
				37821D132C25F3C8007F79E8 /* AppDelegate.swift in Sources */,
				374F61BF2C263A40009DCDB7 /* TabBarController.swift in Sources */,
				374F61BE2C263A40009DCDB7 /* HomeViewController.swift in Sources */,
				374F619E2C25F550009DCDB7 /* UIColor+Ext.swift in Sources */,
				374F61B62C263A40009DCDB7 /* ArtistListApi.swift in Sources */,
				374F61BA2C263A40009DCDB7 /* HeaderInfoView.swift in Sources */,
				374F61C62C28CBF5009DCDB7 /* SplashController.swift in Sources */,
				374F61B32C263A40009DCDB7 /* Model.swift in Sources */,
				374F61BB2C263A40009DCDB7 /* ArtistBaseViewController.swift in Sources */,
				374F61BC2C263A40009DCDB7 /* ArtistDetailIViewController.swift in Sources */,
				374F61BD2C263A40009DCDB7 /* FavoritesViewController.swift in Sources */,
				37821D152C25F3C8007F79E8 /* SceneDelegate.swift in Sources */,
				374F61C82C28CC16009DCDB7 /* SplashViewController.swift in Sources */,
				37821D1D2C25F3C8007F79E8 /* MusicListUI.xcdatamodeld in Sources */,
				374F61B52C263A40009DCDB7 /* ArtistListUseCase.swift in Sources */,
				374F61B82C263A40009DCDB7 /* URLFactory.swift in Sources */,
				374F61B42C263A40009DCDB7 /* ViewModel.swift in Sources */,
			);
			runOnlyForDeploymentPostprocessing = 0;
		};
		37821D242C25F3C8007F79E8 /* Sources */ = {
			isa = PBXSourcesBuildPhase;
			buildActionMask = 2147483647;
			files = (
				37821D2D2C25F3C8007F79E8 /* MusicListUITests.swift in Sources */,
			);
			runOnlyForDeploymentPostprocessing = 0;
		};
		37821D2E2C25F3C8007F79E8 /* Sources */ = {
			isa = PBXSourcesBuildPhase;
			buildActionMask = 2147483647;
			files = (
				37821D392C25F3C8007F79E8 /* MusicListUIUITestsLaunchTests.swift in Sources */,
				37821D372C25F3C8007F79E8 /* MusicListUIUITests.swift in Sources */,
			);
			runOnlyForDeploymentPostprocessing = 0;
		};
/* End PBXSourcesBuildPhase section */

/* Begin PBXTargetDependency section */
		37821D2A2C25F3C8007F79E8 /* PBXTargetDependency */ = {
			isa = PBXTargetDependency;
			target = 37821D0E2C25F3C8007F79E8 /* MusicListUI */;
			targetProxy = 37821D292C25F3C8007F79E8 /* PBXContainerItemProxy */;
		};
		37821D342C25F3C8007F79E8 /* PBXTargetDependency */ = {
			isa = PBXTargetDependency;
			target = 37821D0E2C25F3C8007F79E8 /* MusicListUI */;
			targetProxy = 37821D332C25F3C8007F79E8 /* PBXContainerItemProxy */;
		};
/* End PBXTargetDependency section */

/* Begin PBXVariantGroup section */
		37821D182C25F3C8007F79E8 /* Main.storyboard */ = {
			isa = PBXVariantGroup;
			children = (
				37821D192C25F3C8007F79E8 /* Base */,
			);
			name = Main.storyboard;
			sourceTree = "<group>";
		};
		37821D202C25F3C8007F79E8 /* LaunchScreen.storyboard */ = {
			isa = PBXVariantGroup;
			children = (
				37821D212C25F3C8007F79E8 /* Base */,
			);
			name = LaunchScreen.storyboard;
			sourceTree = "<group>";
		};
/* End PBXVariantGroup section */

/* Begin XCBuildConfiguration section */
		37821D3A2C25F3C8007F79E8 /* Debug */ = {
			isa = XCBuildConfiguration;
			buildSettings = {
				ALWAYS_SEARCH_USER_PATHS = NO;
				ASSETCATALOG_COMPILER_GENERATE_SWIFT_ASSET_SYMBOL_EXTENSIONS = YES;
				CLANG_ANALYZER_NONNULL = YES;
				CLANG_ANALYZER_NUMBER_OBJECT_CONVERSION = YES_AGGRESSIVE;
				CLANG_CXX_LANGUAGE_STANDARD = "gnu++20";
				CLANG_ENABLE_MODULES = YES;
				CLANG_ENABLE_OBJC_ARC = YES;
				CLANG_ENABLE_OBJC_WEAK = YES;
				CLANG_WARN_BLOCK_CAPTURE_AUTORELEASING = YES;
				CLANG_WARN_BOOL_CONVERSION = YES;
				CLANG_WARN_COMMA = YES;
				CLANG_WARN_CONSTANT_CONVERSION = YES;
				CLANG_WARN_DEPRECATED_OBJC_IMPLEMENTATIONS = YES;
				CLANG_WARN_DIRECT_OBJC_ISA_USAGE = YES_ERROR;
				CLANG_WARN_DOCUMENTATION_COMMENTS = YES;
				CLANG_WARN_EMPTY_BODY = YES;
				CLANG_WARN_ENUM_CONVERSION = YES;
				CLANG_WARN_INFINITE_RECURSION = YES;
				CLANG_WARN_INT_CONVERSION = YES;
				CLANG_WARN_NON_LITERAL_NULL_CONVERSION = YES;
				CLANG_WARN_OBJC_IMPLICIT_RETAIN_SELF = YES;
				CLANG_WARN_OBJC_LITERAL_CONVERSION = YES;
				CLANG_WARN_OBJC_ROOT_CLASS = YES_ERROR;
				CLANG_WARN_QUOTED_INCLUDE_IN_FRAMEWORK_HEADER = YES;
				CLANG_WARN_RANGE_LOOP_ANALYSIS = YES;
				CLANG_WARN_STRICT_PROTOTYPES = YES;
				CLANG_WARN_SUSPICIOUS_MOVE = YES;
				CLANG_WARN_UNGUARDED_AVAILABILITY = YES_AGGRESSIVE;
				CLANG_WARN_UNREACHABLE_CODE = YES;
				CLANG_WARN__DUPLICATE_METHOD_MATCH = YES;
				COPY_PHASE_STRIP = NO;
				DEBUG_INFORMATION_FORMAT = dwarf;
				ENABLE_STRICT_OBJC_MSGSEND = YES;
				ENABLE_TESTABILITY = YES;
				ENABLE_USER_SCRIPT_SANDBOXING = YES;
				GCC_C_LANGUAGE_STANDARD = gnu17;
				GCC_DYNAMIC_NO_PIC = NO;
				GCC_NO_COMMON_BLOCKS = YES;
				GCC_OPTIMIZATION_LEVEL = 0;
				GCC_PREPROCESSOR_DEFINITIONS = (
					"DEBUG=1",
					"$(inherited)",
				);
				GCC_WARN_64_TO_32_BIT_CONVERSION = YES;
				GCC_WARN_ABOUT_RETURN_TYPE = YES_ERROR;
				GCC_WARN_UNDECLARED_SELECTOR = YES;
				GCC_WARN_UNINITIALIZED_AUTOS = YES_AGGRESSIVE;
				GCC_WARN_UNUSED_FUNCTION = YES;
				GCC_WARN_UNUSED_VARIABLE = YES;
				IPHONEOS_DEPLOYMENT_TARGET = 17.5;
				LOCALIZATION_PREFERS_STRING_CATALOGS = YES;
				MTL_ENABLE_DEBUG_INFO = INCLUDE_SOURCE;
				MTL_FAST_MATH = YES;
				ONLY_ACTIVE_ARCH = YES;
				SDKROOT = iphoneos;
				SWIFT_ACTIVE_COMPILATION_CONDITIONS = "DEBUG $(inherited)";
				SWIFT_OPTIMIZATION_LEVEL = "-Onone";
			};
			name = Debug;
		};
		37821D3B2C25F3C8007F79E8 /* Release */ = {
			isa = XCBuildConfiguration;
			buildSettings = {
				ALWAYS_SEARCH_USER_PATHS = NO;
				ASSETCATALOG_COMPILER_GENERATE_SWIFT_ASSET_SYMBOL_EXTENSIONS = YES;
				CLANG_ANALYZER_NONNULL = YES;
				CLANG_ANALYZER_NUMBER_OBJECT_CONVERSION = YES_AGGRESSIVE;
				CLANG_CXX_LANGUAGE_STANDARD = "gnu++20";
				CLANG_ENABLE_MODULES = YES;
				CLANG_ENABLE_OBJC_ARC = YES;
				CLANG_ENABLE_OBJC_WEAK = YES;
				CLANG_WARN_BLOCK_CAPTURE_AUTORELEASING = YES;
				CLANG_WARN_BOOL_CONVERSION = YES;
				CLANG_WARN_COMMA = YES;
				CLANG_WARN_CONSTANT_CONVERSION = YES;
				CLANG_WARN_DEPRECATED_OBJC_IMPLEMENTATIONS = YES;
				CLANG_WARN_DIRECT_OBJC_ISA_USAGE = YES_ERROR;
				CLANG_WARN_DOCUMENTATION_COMMENTS = YES;
				CLANG_WARN_EMPTY_BODY = YES;
				CLANG_WARN_ENUM_CONVERSION = YES;
				CLANG_WARN_INFINITE_RECURSION = YES;
				CLANG_WARN_INT_CONVERSION = YES;
				CLANG_WARN_NON_LITERAL_NULL_CONVERSION = YES;
				CLANG_WARN_OBJC_IMPLICIT_RETAIN_SELF = YES;
				CLANG_WARN_OBJC_LITERAL_CONVERSION = YES;
				CLANG_WARN_OBJC_ROOT_CLASS = YES_ERROR;
				CLANG_WARN_QUOTED_INCLUDE_IN_FRAMEWORK_HEADER = YES;
				CLANG_WARN_RANGE_LOOP_ANALYSIS = YES;
				CLANG_WARN_STRICT_PROTOTYPES = YES;
				CLANG_WARN_SUSPICIOUS_MOVE = YES;
				CLANG_WARN_UNGUARDED_AVAILABILITY = YES_AGGRESSIVE;
				CLANG_WARN_UNREACHABLE_CODE = YES;
				CLANG_WARN__DUPLICATE_METHOD_MATCH = YES;
				COPY_PHASE_STRIP = NO;
				DEBUG_INFORMATION_FORMAT = "dwarf-with-dsym";
				ENABLE_NS_ASSERTIONS = NO;
				ENABLE_STRICT_OBJC_MSGSEND = YES;
				ENABLE_USER_SCRIPT_SANDBOXING = YES;
				GCC_C_LANGUAGE_STANDARD = gnu17;
				GCC_NO_COMMON_BLOCKS = YES;
				GCC_WARN_64_TO_32_BIT_CONVERSION = YES;
				GCC_WARN_ABOUT_RETURN_TYPE = YES_ERROR;
				GCC_WARN_UNDECLARED_SELECTOR = YES;
				GCC_WARN_UNINITIALIZED_AUTOS = YES_AGGRESSIVE;
				GCC_WARN_UNUSED_FUNCTION = YES;
				GCC_WARN_UNUSED_VARIABLE = YES;
				IPHONEOS_DEPLOYMENT_TARGET = 17.5;
				LOCALIZATION_PREFERS_STRING_CATALOGS = YES;
				MTL_ENABLE_DEBUG_INFO = NO;
				MTL_FAST_MATH = YES;
				SDKROOT = iphoneos;
				SWIFT_COMPILATION_MODE = wholemodule;
				VALIDATE_PRODUCT = YES;
			};
			name = Release;
		};
		37821D3D2C25F3C8007F79E8 /* Debug */ = {
			isa = XCBuildConfiguration;
			buildSettings = {
				ASSETCATALOG_COMPILER_APPICON_NAME = AppIcon;
				ASSETCATALOG_COMPILER_GLOBAL_ACCENT_COLOR_NAME = AccentColor;
				CODE_SIGN_STYLE = Automatic;
				CURRENT_PROJECT_VERSION = 1;
				DEVELOPMENT_TEAM = 2RRF44AH49;
				GENERATE_INFOPLIST_FILE = YES;
				INFOPLIST_FILE = MusicListUI/Info.plist;
				INFOPLIST_KEY_UIApplicationSupportsIndirectInputEvents = YES;
				INFOPLIST_KEY_UILaunchStoryboardName = LaunchScreen;
				INFOPLIST_KEY_UIMainStoryboardFile = Main;
				INFOPLIST_KEY_UISupportedInterfaceOrientations_iPad = "UIInterfaceOrientationPortrait UIInterfaceOrientationPortraitUpsideDown UIInterfaceOrientationLandscapeLeft UIInterfaceOrientationLandscapeRight";
				INFOPLIST_KEY_UISupportedInterfaceOrientations_iPhone = "UIInterfaceOrientationPortrait UIInterfaceOrientationLandscapeLeft UIInterfaceOrientationLandscapeRight";
				LD_RUNPATH_SEARCH_PATHS = (
					"$(inherited)",
					"@executable_path/Frameworks",
				);
				MARKETING_VERSION = 1.0;
				PRODUCT_BUNDLE_IDENTIFIER = dc.MusicListUI;
				PRODUCT_NAME = "$(TARGET_NAME)";
				SWIFT_EMIT_LOC_STRINGS = YES;
				SWIFT_VERSION = 5.0;
				TARGETED_DEVICE_FAMILY = "1,2";
			};
			name = Debug;
		};
		37821D3E2C25F3C8007F79E8 /* Release */ = {
			isa = XCBuildConfiguration;
			buildSettings = {
				ASSETCATALOG_COMPILER_APPICON_NAME = AppIcon;
				ASSETCATALOG_COMPILER_GLOBAL_ACCENT_COLOR_NAME = AccentColor;
				CODE_SIGN_STYLE = Automatic;
				CURRENT_PROJECT_VERSION = 1;
				DEVELOPMENT_TEAM = 2RRF44AH49;
				GENERATE_INFOPLIST_FILE = YES;
				INFOPLIST_FILE = MusicListUI/Info.plist;
				INFOPLIST_KEY_UIApplicationSupportsIndirectInputEvents = YES;
				INFOPLIST_KEY_UILaunchStoryboardName = LaunchScreen;
				INFOPLIST_KEY_UIMainStoryboardFile = Main;
				INFOPLIST_KEY_UISupportedInterfaceOrientations_iPad = "UIInterfaceOrientationPortrait UIInterfaceOrientationPortraitUpsideDown UIInterfaceOrientationLandscapeLeft UIInterfaceOrientationLandscapeRight";
				INFOPLIST_KEY_UISupportedInterfaceOrientations_iPhone = "UIInterfaceOrientationPortrait UIInterfaceOrientationLandscapeLeft UIInterfaceOrientationLandscapeRight";
				LD_RUNPATH_SEARCH_PATHS = (
					"$(inherited)",
					"@executable_path/Frameworks",
				);
				MARKETING_VERSION = 1.0;
				PRODUCT_BUNDLE_IDENTIFIER = dc.MusicListUI;
				PRODUCT_NAME = "$(TARGET_NAME)";
				SWIFT_EMIT_LOC_STRINGS = YES;
				SWIFT_VERSION = 5.0;
				TARGETED_DEVICE_FAMILY = "1,2";
			};
			name = Release;
		};
		37821D402C25F3C8007F79E8 /* Debug */ = {
			isa = XCBuildConfiguration;
			buildSettings = {
				ALWAYS_EMBED_SWIFT_STANDARD_LIBRARIES = YES;
				BUNDLE_LOADER = "$(TEST_HOST)";
				CODE_SIGN_STYLE = Automatic;
				CURRENT_PROJECT_VERSION = 1;
				DEVELOPMENT_TEAM = 2RRF44AH49;
				GENERATE_INFOPLIST_FILE = YES;
				IPHONEOS_DEPLOYMENT_TARGET = 17.5;
				MARKETING_VERSION = 1.0;
				PRODUCT_BUNDLE_IDENTIFIER = dc.MusicListUITests;
				PRODUCT_NAME = "$(TARGET_NAME)";
				SWIFT_EMIT_LOC_STRINGS = NO;
				SWIFT_VERSION = 5.0;
				TARGETED_DEVICE_FAMILY = "1,2";
				TEST_HOST = "$(BUILT_PRODUCTS_DIR)/MusicListUI.app/$(BUNDLE_EXECUTABLE_FOLDER_PATH)/MusicListUI";
			};
			name = Debug;
		};
		37821D412C25F3C8007F79E8 /* Release */ = {
			isa = XCBuildConfiguration;
			buildSettings = {
				ALWAYS_EMBED_SWIFT_STANDARD_LIBRARIES = YES;
				BUNDLE_LOADER = "$(TEST_HOST)";
				CODE_SIGN_STYLE = Automatic;
				CURRENT_PROJECT_VERSION = 1;
				DEVELOPMENT_TEAM = 2RRF44AH49;
				GENERATE_INFOPLIST_FILE = YES;
				IPHONEOS_DEPLOYMENT_TARGET = 17.5;
				MARKETING_VERSION = 1.0;
				PRODUCT_BUNDLE_IDENTIFIER = dc.MusicListUITests;
				PRODUCT_NAME = "$(TARGET_NAME)";
				SWIFT_EMIT_LOC_STRINGS = NO;
				SWIFT_VERSION = 5.0;
				TARGETED_DEVICE_FAMILY = "1,2";
				TEST_HOST = "$(BUILT_PRODUCTS_DIR)/MusicListUI.app/$(BUNDLE_EXECUTABLE_FOLDER_PATH)/MusicListUI";
			};
			name = Release;
		};
		37821D432C25F3C8007F79E8 /* Debug */ = {
			isa = XCBuildConfiguration;
			buildSettings = {
				ALWAYS_EMBED_SWIFT_STANDARD_LIBRARIES = YES;
				CODE_SIGN_STYLE = Automatic;
				CURRENT_PROJECT_VERSION = 1;
				DEVELOPMENT_TEAM = 2RRF44AH49;
				GENERATE_INFOPLIST_FILE = YES;
				MARKETING_VERSION = 1.0;
				PRODUCT_BUNDLE_IDENTIFIER = dc.MusicListUIUITests;
				PRODUCT_NAME = "$(TARGET_NAME)";
				SWIFT_EMIT_LOC_STRINGS = NO;
				SWIFT_VERSION = 5.0;
				TARGETED_DEVICE_FAMILY = "1,2";
				TEST_TARGET_NAME = MusicListUI;
			};
			name = Debug;
		};
		37821D442C25F3C8007F79E8 /* Release */ = {
			isa = XCBuildConfiguration;
			buildSettings = {
				ALWAYS_EMBED_SWIFT_STANDARD_LIBRARIES = YES;
				CODE_SIGN_STYLE = Automatic;
				CURRENT_PROJECT_VERSION = 1;
				DEVELOPMENT_TEAM = 2RRF44AH49;
				GENERATE_INFOPLIST_FILE = YES;
				MARKETING_VERSION = 1.0;
				PRODUCT_BUNDLE_IDENTIFIER = dc.MusicListUIUITests;
				PRODUCT_NAME = "$(TARGET_NAME)";
				SWIFT_EMIT_LOC_STRINGS = NO;
				SWIFT_VERSION = 5.0;
				TARGETED_DEVICE_FAMILY = "1,2";
				TEST_TARGET_NAME = MusicListUI;
			};
			name = Release;
		};
/* End XCBuildConfiguration section */

/* Begin XCConfigurationList section */
		37821D0A2C25F3C7007F79E8 /* Build configuration list for PBXProject "MusicListUI" */ = {
			isa = XCConfigurationList;
			buildConfigurations = (
				37821D3A2C25F3C8007F79E8 /* Debug */,
				37821D3B2C25F3C8007F79E8 /* Release */,
			);
			defaultConfigurationIsVisible = 0;
			defaultConfigurationName = Release;
		};
		37821D3C2C25F3C8007F79E8 /* Build configuration list for PBXNativeTarget "MusicListUI" */ = {
			isa = XCConfigurationList;
			buildConfigurations = (
				37821D3D2C25F3C8007F79E8 /* Debug */,
				37821D3E2C25F3C8007F79E8 /* Release */,
			);
			defaultConfigurationIsVisible = 0;
			defaultConfigurationName = Release;
		};
		37821D3F2C25F3C8007F79E8 /* Build configuration list for PBXNativeTarget "MusicListUITests" */ = {
			isa = XCConfigurationList;
			buildConfigurations = (
				37821D402C25F3C8007F79E8 /* Debug */,
				37821D412C25F3C8007F79E8 /* Release */,
			);
			defaultConfigurationIsVisible = 0;
			defaultConfigurationName = Release;
		};
		37821D422C25F3C8007F79E8 /* Build configuration list for PBXNativeTarget "MusicListUIUITests" */ = {
			isa = XCConfigurationList;
			buildConfigurations = (
				37821D432C25F3C8007F79E8 /* Debug */,
				37821D442C25F3C8007F79E8 /* Release */,
			);
			defaultConfigurationIsVisible = 0;
			defaultConfigurationName = Release;
		};
/* End XCConfigurationList section */

/* Begin XCRemoteSwiftPackageReference section */
		374F61C12C26418B009DCDB7 /* XCRemoteSwiftPackageReference "Kingfisher" */ = {
			isa = XCRemoteSwiftPackageReference;
			repositoryURL = "https://github.com/onevcat/Kingfisher";
			requirement = {
				kind = upToNextMinorVersion;
				minimumVersion = 7.12.0;
			};
		};
/* End XCRemoteSwiftPackageReference section */

/* Begin XCSwiftPackageProductDependency section */
		374F61C22C26418B009DCDB7 /* Kingfisher */ = {
			isa = XCSwiftPackageProductDependency;
			package = 374F61C12C26418B009DCDB7 /* XCRemoteSwiftPackageReference "Kingfisher" */;
			productName = Kingfisher;
		};
/* End XCSwiftPackageProductDependency section */

/* Begin XCVersionGroup section */
		37821D1B2C25F3C8007F79E8 /* MusicListUI.xcdatamodeld */ = {
			isa = XCVersionGroup;
			children = (
				37821D1C2C25F3C8007F79E8 /* MusicListUI.xcdatamodel */,
			);
			currentVersion = 37821D1C2C25F3C8007F79E8 /* MusicListUI.xcdatamodel */;
			path = MusicListUI.xcdatamodeld;
			sourceTree = "<group>";
			versionGroupType = wrapper.xcdatamodel;
		};
/* End XCVersionGroup section */
	};
	rootObject = 37821D072C25F3C7007F79E8 /* Project object */;
}
